<Solution>
  <Configurations>
    <BuildType Name="Debug" />
    <BuildType Name="Release" />
    <BuildType Name="dev-n8" />
    <BuildType Name="dev-nf" />
  </Configurations>
  <Project Path="packages\AtfLocalizationLab\Files\AtfLocalizationLab.csproj" />
  <Project Path="tests\AtfLocalizationLab\AtfLocalizationLab.Tests.csproj" />
</Solution>